
Microsoft Visual Studio Solution File, Format Version 12.00
# Visual Studio Version 17
VisualStudioVersion = 17.13.35931.197 d17.13
MinimumVisualStudioVersion = 10.0.40219.1
Project("{FAE04EC0-301F-11D3-BF4B-00C04F79EFBC}") = "Shoppingandgrocerylist", "Shoppingandgrocerylist\Shoppingandgrocerylist.csproj", "{08B26443-9F95-410A-9809-9B231B09B546}"
EndProject
Global
	GlobalSection(SolutionConfigurationPlatforms) = preSolution
		Debug|Any CPU = Debug|Any CPU
		Release|Any CPU = Release|Any CPU
	EndGlobalSection
	GlobalSection(ProjectConfigurationPlatforms) = postSolution
		{08B26443-9F95-410A-9809-9B231B09B546}.Debug|Any CPU.ActiveCfg = Debug|Any CPU
		{08B26443-9F95-410A-9809-9B231B09B546}.Debug|Any CPU.Build.0 = Debug|Any CPU
		{08B26443-9F95-410A-9809-9B231B09B546}.Release|Any CPU.ActiveCfg = Release|Any CPU
		{08B26443-9F95-410A-9809-9B231B09B546}.Release|Any CPU.Build.0 = Release|Any CPU
	EndGlobalSection
	GlobalSection(SolutionProperties) = preSolution
		HideSolutionNode = FALSE
	EndGlobalSection
	GlobalSection(ExtensibilityGlobals) = postSolution
		SolutionGuid = {8248AEE9-5F7D-4F2A-BFED-FC84D31BFD64}
	EndGlobalSection
EndGlobal
