
Microsoft Visual Studio Solution File, Format Version 12.00
# Visual Studio Version 17
VisualStudioVersion = 17.13.35931.197 d17.13
MinimumVisualStudioVersion = 10.0.40219.1
Project("{FAE04EC0-301F-11D3-BF4B-00C04F79EFBC}") = "ShoppingListApp", "ShoppingListApp\ShoppingListApp.csproj", "{C22A4BB6-373C-488D-8768-094F8C6BE5D1}"
EndProject
Global
	GlobalSection(SolutionConfigurationPlatforms) = preSolution
		Debug|Any CPU = Debug|Any CPU
		Release|Any CPU = Release|Any CPU
	EndGlobalSection
	GlobalSection(ProjectConfigurationPlatforms) = postSolution
		{C22A4BB6-373C-488D-8768-094F8C6BE5D1}.Debug|Any CPU.ActiveCfg = Debug|Any CPU
		{C22A4BB6-373C-488D-8768-094F8C6BE5D1}.Debug|Any CPU.Build.0 = Debug|Any CPU
		{C22A4BB6-373C-488D-8768-094F8C6BE5D1}.Release|Any CPU.ActiveCfg = Release|Any CPU
		{C22A4BB6-373C-488D-8768-094F8C6BE5D1}.Release|Any CPU.Build.0 = Release|Any CPU
	EndGlobalSection
	GlobalSection(SolutionProperties) = preSolution
		HideSolutionNode = FALSE
	EndGlobalSection
	GlobalSection(ExtensibilityGlobals) = postSolution
		SolutionGuid = {E16D5CBF-830E-4C36-B1A1-B95AB1409E6F}
	EndGlobalSection
EndGlobal
